// !$*UTF8*$!
{
	archiveVersion = 1;
	classes = {
	};
	objectVersion = 50;
	objects = {

/* Begin PBXBuildFile section */
		759ACC07250A20560071EF7B /* AppDelegate.swift in Sources */ = {isa = PBXBuildFile; fileRef = 759ACC06250A20560071EF7B /* AppDelegate.swift */; };
		759ACC09250A20560071EF7B /* SceneDelegate.swift in Sources */ = {isa = PBXBuildFile; fileRef = 759ACC08250A20560071EF7B /* SceneDelegate.swift */; };
		759ACC0B250A20560071EF7B /* ViewController.swift in Sources */ = {isa = PBXBuildFile; fileRef = 759ACC0A250A20560071EF7B /* ViewController.swift */; };
		759ACC0E250A20560071EF7B /* Main.storyboard in Resources */ = {isa = PBXBuildFile; fileRef = 759ACC0C250A20560071EF7B /* Main.storyboard */; };
		759ACC10250A205C0071EF7B /* Assets.xcassets in Resources */ = {isa = PBXBuildFile; fileRef = 759ACC0F250A205C0071EF7B /* Assets.xcassets */; };
		759ACC13250A205C0071EF7B /* LaunchScreen.storyboard in Resources */ = {isa = PBXBuildFile; fileRef = 759ACC11250A205C0071EF7B /* LaunchScreen.storyboard */; };
		75E2DE49250FBB98000B10BC /* NameDescribable.swift in Sources */ = {isa = PBXBuildFile; fileRef = 75E2DE48250FBB98000B10BC /* NameDescribable.swift */; };
		75E2DE4C250FBC88000B10BC /* NetworkClient.swift in Sources */ = {isa = PBXBuildFile; fileRef = 75E2DE4B250FBC88000B10BC /* NetworkClient.swift */; };
		75E2DE4F250FBCB9000B10BC /* RequestResponseDefaultLogger.swift in Sources */ = {isa = PBXBuildFile; fileRef = 75E2DE4E250FBCB9000B10BC /* RequestResponseDefaultLogger.swift */; };
		75E2DE51250FBCFA000B10BC /* LoggingURLProtocol.swift in Sources */ = {isa = PBXBuildFile; fileRef = 75E2DE50250FBCFA000B10BC /* LoggingURLProtocol.swift */; };
		75E2DE53250FBD48000B10BC /* NetworkResponse.swift in Sources */ = {isa = PBXBuildFile; fileRef = 75E2DE52250FBD48000B10BC /* NetworkResponse.swift */; };
		75E2DE55250FBD55000B10BC /* NetworkRequest.swift in Sources */ = {isa = PBXBuildFile; fileRef = 75E2DE54250FBD55000B10BC /* NetworkRequest.swift */; };
		75E2DE57250FBD71000B10BC /* HTTPMethod.swift in Sources */ = {isa = PBXBuildFile; fileRef = 75E2DE56250FBD71000B10BC /* HTTPMethod.swift */; };
		75E2DE59250FBDAE000B10BC /* NetworkLogging.swift in Sources */ = {isa = PBXBuildFile; fileRef = 75E2DE58250FBDAE000B10BC /* NetworkLogging.swift */; };
		75E2DE5F250FBE3C000B10BC /* UILabel+Rotation.swift in Sources */ = {isa = PBXBuildFile; fileRef = 75E2DE5E250FBE3C000B10BC /* UILabel+Rotation.swift */; };
		75E2DE61250FBE5D000B10BC /* UIView+Toast.swift in Sources */ = {isa = PBXBuildFile; fileRef = 75E2DE60250FBE5D000B10BC /* UIView+Toast.swift */; };
		75E2DE63250FBE8A000B10BC /* UIView+Attributes.swift in Sources */ = {isa = PBXBuildFile; fileRef = 75E2DE62250FBE8A000B10BC /* UIView+Attributes.swift */; };
/* End PBXBuildFile section */

/* Begin PBXFileReference section */
		759ACC03250A20560071EF7B /* iBench.app */ = {isa = PBXFileReference; explicitFileType = wrapper.application; includeInIndex = 0; path = iBench.app; sourceTree = BUILT_PRODUCTS_DIR; };
		759ACC06250A20560071EF7B /* AppDelegate.swift */ = {isa = PBXFileReference; lastKnownFileType = sourcecode.swift; path = AppDelegate.swift; sourceTree = "<group>"; };
		759ACC08250A20560071EF7B /* SceneDelegate.swift */ = {isa = PBXFileReference; lastKnownFileType = sourcecode.swift; path = SceneDelegate.swift; sourceTree = "<group>"; };
		759ACC0A250A20560071EF7B /* ViewController.swift */ = {isa = PBXFileReference; lastKnownFileType = sourcecode.swift; path = ViewController.swift; sourceTree = "<group>"; };
		759ACC0D250A20560071EF7B /* Base */ = {isa = PBXFileReference; lastKnownFileType = file.storyboard; name = Base; path = Base.lproj/Main.storyboard; sourceTree = "<group>"; };
		759ACC0F250A205C0071EF7B /* Assets.xcassets */ = {isa = PBXFileReference; lastKnownFileType = folder.assetcatalog; path = Assets.xcassets; sourceTree = "<group>"; };
		759ACC12250A205C0071EF7B /* Base */ = {isa = PBXFileReference; lastKnownFileType = file.storyboard; name = Base; path = Base.lproj/LaunchScreen.storyboard; sourceTree = "<group>"; };
		759ACC14250A205C0071EF7B /* Info.plist */ = {isa = PBXFileReference; lastKnownFileType = text.plist.xml; path = Info.plist; sourceTree = "<group>"; };
		75E2DE48250FBB98000B10BC /* NameDescribable.swift */ = {isa = PBXFileReference; lastKnownFileType = sourcecode.swift; path = NameDescribable.swift; sourceTree = "<group>"; };
		75E2DE4B250FBC88000B10BC /* NetworkClient.swift */ = {isa = PBXFileReference; lastKnownFileType = sourcecode.swift; path = NetworkClient.swift; sourceTree = "<group>"; };
		75E2DE4E250FBCB9000B10BC /* RequestResponseDefaultLogger.swift */ = {isa = PBXFileReference; lastKnownFileType = sourcecode.swift; path = RequestResponseDefaultLogger.swift; sourceTree = "<group>"; };
		75E2DE50250FBCFA000B10BC /* LoggingURLProtocol.swift */ = {isa = PBXFileReference; lastKnownFileType = sourcecode.swift; path = LoggingURLProtocol.swift; sourceTree = "<group>"; };
		75E2DE52250FBD48000B10BC /* NetworkResponse.swift */ = {isa = PBXFileReference; lastKnownFileType = sourcecode.swift; path = NetworkResponse.swift; sourceTree = "<group>"; };
		75E2DE54250FBD55000B10BC /* NetworkRequest.swift */ = {isa = PBXFileReference; lastKnownFileType = sourcecode.swift; path = NetworkRequest.swift; sourceTree = "<group>"; };
		75E2DE56250FBD71000B10BC /* HTTPMethod.swift */ = {isa = PBXFileReference; lastKnownFileType = sourcecode.swift; path = HTTPMethod.swift; sourceTree = "<group>"; };
		75E2DE58250FBDAE000B10BC /* NetworkLogging.swift */ = {isa = PBXFileReference; lastKnownFileType = sourcecode.swift; path = NetworkLogging.swift; sourceTree = "<group>"; };
		75E2DE5E250FBE3C000B10BC /* UILabel+Rotation.swift */ = {isa = PBXFileReference; lastKnownFileType = sourcecode.swift; path = "UILabel+Rotation.swift"; sourceTree = "<group>"; };
		75E2DE60250FBE5D000B10BC /* UIView+Toast.swift */ = {isa = PBXFileReference; lastKnownFileType = sourcecode.swift; path = "UIView+Toast.swift"; sourceTree = "<group>"; };
		75E2DE62250FBE8A000B10BC /* UIView+Attributes.swift */ = {isa = PBXFileReference; lastKnownFileType = sourcecode.swift; path = "UIView+Attributes.swift"; sourceTree = "<group>"; };
/* End PBXFileReference section */

/* Begin PBXFrameworksBuildPhase section */
		759ACC00250A20560071EF7B /* Frameworks */ = {
			isa = PBXFrameworksBuildPhase;
			buildActionMask = 2147483647;
			files = (
			);
			runOnlyForDeploymentPostprocessing = 0;
		};
/* End PBXFrameworksBuildPhase section */

/* Begin PBXGroup section */
		759ACBFA250A20560071EF7B = {
			isa = PBXGroup;
			children = (
				759ACC05250A20560071EF7B /* iBench */,
				759ACC04250A20560071EF7B /* Products */,
			);
			sourceTree = "<group>";
		};
		759ACC04250A20560071EF7B /* Products */ = {
			isa = PBXGroup;
			children = (
				759ACC03250A20560071EF7B /* iBench.app */,
			);
			name = Products;
			sourceTree = "<group>";
		};
		759ACC05250A20560071EF7B /* iBench */ = {
			isa = PBXGroup;
			children = (
				759ACC0F250A205C0071EF7B /* Assets.xcassets */,
				759ACC14250A205C0071EF7B /* Info.plist */,
				75E2DE47250FBB86000B10BC /* Common */,
				75E2DE4A250FBC77000B10BC /* Networking */,
				75E2DE5B250FBDEA000B10BC /* Services */,
				75E2DE5A250FBDE3000B10BC /* Model */,
				75E2DE45250FBAC6000B10BC /* UI */,
			);
			path = iBench;
			sourceTree = "<group>";
		};
		75E2DE45250FBAC6000B10BC /* UI */ = {
			isa = PBXGroup;
			children = (
				75E2DE5C250FBE1C000B10BC /* Views */,
				759ACC06250A20560071EF7B /* AppDelegate.swift */,
				759ACC08250A20560071EF7B /* SceneDelegate.swift */,
				75E2DE46250FBAEC000B10BC /* ViewControllers */,
			);
			path = UI;
			sourceTree = "<group>";
		};
		75E2DE46250FBAEC000B10BC /* ViewControllers */ = {
			isa = PBXGroup;
			children = (
				759ACC0A250A20560071EF7B /* ViewController.swift */,
				759ACC0C250A20560071EF7B /* Main.storyboard */,
				759ACC11250A205C0071EF7B /* LaunchScreen.storyboard */,
			);
			path = ViewControllers;
			sourceTree = "<group>";
		};
		75E2DE47250FBB86000B10BC /* Common */ = {
			isa = PBXGroup;
			children = (
				75E2DE48250FBB98000B10BC /* NameDescribable.swift */,
			);
			path = Common;
			sourceTree = "<group>";
		};
		75E2DE4A250FBC77000B10BC /* Networking */ = {
			isa = PBXGroup;
			children = (
				75E2DE4D250FBCAC000B10BC /* LoggingProtocol */,
				75E2DE4B250FBC88000B10BC /* NetworkClient.swift */,
				75E2DE56250FBD71000B10BC /* HTTPMethod.swift */,
				75E2DE52250FBD48000B10BC /* NetworkResponse.swift */,
				75E2DE54250FBD55000B10BC /* NetworkRequest.swift */,
				75E2DE58250FBDAE000B10BC /* NetworkLogging.swift */,
			);
			path = Networking;
			sourceTree = "<group>";
		};
		75E2DE4D250FBCAC000B10BC /* LoggingProtocol */ = {
			isa = PBXGroup;
			children = (
				75E2DE4E250FBCB9000B10BC /* RequestResponseDefaultLogger.swift */,
				75E2DE50250FBCFA000B10BC /* LoggingURLProtocol.swift */,
			);
			path = LoggingProtocol;
			sourceTree = "<group>";
		};
		75E2DE5A250FBDE3000B10BC /* Model */ = {
			isa = PBXGroup;
			children = (
			);
			path = Model;
			sourceTree = "<group>";
		};
		75E2DE5B250FBDEA000B10BC /* Services */ = {
			isa = PBXGroup;
			children = (
			);
			path = Services;
			sourceTree = "<group>";
		};
		75E2DE5C250FBE1C000B10BC /* Views */ = {
			isa = PBXGroup;
			children = (
				75E2DE5D250FBE26000B10BC /* Extensions */,
			);
			path = Views;
			sourceTree = "<group>";
		};
		75E2DE5D250FBE26000B10BC /* Extensions */ = {
			isa = PBXGroup;
			children = (
				75E2DE5E250FBE3C000B10BC /* UILabel+Rotation.swift */,
				75E2DE60250FBE5D000B10BC /* UIView+Toast.swift */,
				75E2DE62250FBE8A000B10BC /* UIView+Attributes.swift */,
			);
			path = Extensions;
			sourceTree = "<group>";
		};
/* End PBXGroup section */

/* Begin PBXNativeTarget section */
		759ACC02250A20560071EF7B /* iBench */ = {
			isa = PBXNativeTarget;
			buildConfigurationList = 759ACC17250A205C0071EF7B /* Build configuration list for PBXNativeTarget "iBench" */;
			buildPhases = (
				759ACBFF250A20560071EF7B /* Sources */,
				759ACC00250A20560071EF7B /* Frameworks */,
				759ACC01250A20560071EF7B /* Resources */,
			);
			buildRules = (
			);
			dependencies = (
			);
			name = iBench;
			productName = iBench;
			productReference = 759ACC03250A20560071EF7B /* iBench.app */;
			productType = "com.apple.product-type.application";
		};
/* End PBXNativeTarget section */

/* Begin PBXProject section */
		759ACBFB250A20560071EF7B /* Project object */ = {
			isa = PBXProject;
			attributes = {
				LastSwiftUpdateCheck = 1170;
				LastUpgradeCheck = 1170;
				ORGANIZATIONNAME = "Андрей Журавлев";
				TargetAttributes = {
					759ACC02250A20560071EF7B = {
						CreatedOnToolsVersion = 11.7;
					};
				};
			};
			buildConfigurationList = 759ACBFE250A20560071EF7B /* Build configuration list for PBXProject "iBench" */;
			compatibilityVersion = "Xcode 9.3";
			developmentRegion = en;
			hasScannedForEncodings = 0;
			knownRegions = (
				en,
				Base,
			);
			mainGroup = 759ACBFA250A20560071EF7B;
			productRefGroup = 759ACC04250A20560071EF7B /* Products */;
			projectDirPath = "";
			projectRoot = "";
			targets = (
				759ACC02250A20560071EF7B /* iBench */,
			);
		};
/* End PBXProject section */

/* Begin PBXResourcesBuildPhase section */
		759ACC01250A20560071EF7B /* Resources */ = {
			isa = PBXResourcesBuildPhase;
			buildActionMask = 2147483647;
			files = (
				759ACC13250A205C0071EF7B /* LaunchScreen.storyboard in Resources */,
				759ACC10250A205C0071EF7B /* Assets.xcassets in Resources */,
				759ACC0E250A20560071EF7B /* Main.storyboard in Resources */,
			);
			runOnlyForDeploymentPostprocessing = 0;
		};
/* End PBXResourcesBuildPhase section */

/* Begin PBXSourcesBuildPhase section */
		759ACBFF250A20560071EF7B /* Sources */ = {
			isa = PBXSourcesBuildPhase;
			buildActionMask = 2147483647;
			files = (
				75E2DE4F250FBCB9000B10BC /* RequestResponseDefaultLogger.swift in Sources */,
				75E2DE53250FBD48000B10BC /* NetworkResponse.swift in Sources */,
				759ACC0B250A20560071EF7B /* ViewController.swift in Sources */,
				75E2DE59250FBDAE000B10BC /* NetworkLogging.swift in Sources */,
				75E2DE51250FBCFA000B10BC /* LoggingURLProtocol.swift in Sources */,
				75E2DE4C250FBC88000B10BC /* NetworkClient.swift in Sources */,
				75E2DE49250FBB98000B10BC /* NameDescribable.swift in Sources */,
				759ACC07250A20560071EF7B /* AppDelegate.swift in Sources */,
				75E2DE55250FBD55000B10BC /* NetworkRequest.swift in Sources */,
				75E2DE57250FBD71000B10BC /* HTTPMethod.swift in Sources */,
				75E2DE61250FBE5D000B10BC /* UIView+Toast.swift in Sources */,
				75E2DE5F250FBE3C000B10BC /* UILabel+Rotation.swift in Sources */,
				759ACC09250A20560071EF7B /* SceneDelegate.swift in Sources */,
				75E2DE63250FBE8A000B10BC /* UIView+Attributes.swift in Sources */,
			);
			runOnlyForDeploymentPostprocessing = 0;
		};
/* End PBXSourcesBuildPhase section */

/* Begin PBXVariantGroup section */
		759ACC0C250A20560071EF7B /* Main.storyboard */ = {
			isa = PBXVariantGroup;
			children = (
				759ACC0D250A20560071EF7B /* Base */,
			);
			name = Main.storyboard;
			sourceTree = "<group>";
		};
		759ACC11250A205C0071EF7B /* LaunchScreen.storyboard */ = {
			isa = PBXVariantGroup;
			children = (
				759ACC12250A205C0071EF7B /* Base */,
			);
			name = LaunchScreen.storyboard;
			sourceTree = "<group>";
		};
/* End PBXVariantGroup section */

/* Begin XCBuildConfiguration section */
		759ACC15250A205C0071EF7B /* Debug */ = {
			isa = XCBuildConfiguration;
			buildSettings = {
				ALWAYS_SEARCH_USER_PATHS = NO;
				CLANG_ANALYZER_NONNULL = YES;
				CLANG_ANALYZER_NUMBER_OBJECT_CONVERSION = YES_AGGRESSIVE;
				CLANG_CXX_LANGUAGE_STANDARD = "gnu++14";
				CLANG_CXX_LIBRARY = "libc++";
				CLANG_ENABLE_MODULES = YES;
				CLANG_ENABLE_OBJC_ARC = YES;
				CLANG_ENABLE_OBJC_WEAK = YES;
				CLANG_WARN_BLOCK_CAPTURE_AUTORELEASING = YES;
				CLANG_WARN_BOOL_CONVERSION = YES;
				CLANG_WARN_COMMA = YES;
				CLANG_WARN_CONSTANT_CONVERSION = YES;
				CLANG_WARN_DEPRECATED_OBJC_IMPLEMENTATIONS = YES;
				CLANG_WARN_DIRECT_OBJC_ISA_USAGE = YES_ERROR;
				CLANG_WARN_DOCUMENTATION_COMMENTS = YES;
				CLANG_WARN_EMPTY_BODY = YES;
				CLANG_WARN_ENUM_CONVERSION = YES;
				CLANG_WARN_INFINITE_RECURSION = YES;
				CLANG_WARN_INT_CONVERSION = YES;
				CLANG_WARN_NON_LITERAL_NULL_CONVERSION = YES;
				CLANG_WARN_OBJC_IMPLICIT_RETAIN_SELF = YES;
				CLANG_WARN_OBJC_LITERAL_CONVERSION = YES;
				CLANG_WARN_OBJC_ROOT_CLASS = YES_ERROR;
				CLANG_WARN_RANGE_LOOP_ANALYSIS = YES;
				CLANG_WARN_STRICT_PROTOTYPES = YES;
				CLANG_WARN_SUSPICIOUS_MOVE = YES;
				CLANG_WARN_UNGUARDED_AVAILABILITY = YES_AGGRESSIVE;
				CLANG_WARN_UNREACHABLE_CODE = YES;
				CLANG_WARN__DUPLICATE_METHOD_MATCH = YES;
				COPY_PHASE_STRIP = NO;
				DEBUG_INFORMATION_FORMAT = dwarf;
				ENABLE_STRICT_OBJC_MSGSEND = YES;
				ENABLE_TESTABILITY = YES;
				GCC_C_LANGUAGE_STANDARD = gnu11;
				GCC_DYNAMIC_NO_PIC = NO;
				GCC_NO_COMMON_BLOCKS = YES;
				GCC_OPTIMIZATION_LEVEL = 0;
				GCC_PREPROCESSOR_DEFINITIONS = (
					"DEBUG=1",
					"$(inherited)",
				);
				GCC_WARN_64_TO_32_BIT_CONVERSION = YES;
				GCC_WARN_ABOUT_RETURN_TYPE = YES_ERROR;
				GCC_WARN_UNDECLARED_SELECTOR = YES;
				GCC_WARN_UNINITIALIZED_AUTOS = YES_AGGRESSIVE;
				GCC_WARN_UNUSED_FUNCTION = YES;
				GCC_WARN_UNUSED_VARIABLE = YES;
				IPHONEOS_DEPLOYMENT_TARGET = 13.7;
				MTL_ENABLE_DEBUG_INFO = INCLUDE_SOURCE;
				MTL_FAST_MATH = YES;
				ONLY_ACTIVE_ARCH = YES;
				SDKROOT = iphoneos;
				SWIFT_ACTIVE_COMPILATION_CONDITIONS = DEBUG;
				SWIFT_OPTIMIZATION_LEVEL = "-Onone";
			};
			name = Debug;
		};
		759ACC16250A205C0071EF7B /* Release */ = {
			isa = XCBuildConfiguration;
			buildSettings = {
				ALWAYS_SEARCH_USER_PATHS = NO;
				CLANG_ANALYZER_NONNULL = YES;
				CLANG_ANALYZER_NUMBER_OBJECT_CONVERSION = YES_AGGRESSIVE;
				CLANG_CXX_LANGUAGE_STANDARD = "gnu++14";
				CLANG_CXX_LIBRARY = "libc++";
				CLANG_ENABLE_MODULES = YES;
				CLANG_ENABLE_OBJC_ARC = YES;
				CLANG_ENABLE_OBJC_WEAK = YES;
				CLANG_WARN_BLOCK_CAPTURE_AUTORELEASING = YES;
				CLANG_WARN_BOOL_CONVERSION = YES;
				CLANG_WARN_COMMA = YES;
				CLANG_WARN_CONSTANT_CONVERSION = YES;
				CLANG_WARN_DEPRECATED_OBJC_IMPLEMENTATIONS = YES;
				CLANG_WARN_DIRECT_OBJC_ISA_USAGE = YES_ERROR;
				CLANG_WARN_DOCUMENTATION_COMMENTS = YES;
				CLANG_WARN_EMPTY_BODY = YES;
				CLANG_WARN_ENUM_CONVERSION = YES;
				CLANG_WARN_INFINITE_RECURSION = YES;
				CLANG_WARN_INT_CONVERSION = YES;
				CLANG_WARN_NON_LITERAL_NULL_CONVERSION = YES;
				CLANG_WARN_OBJC_IMPLICIT_RETAIN_SELF = YES;
				CLANG_WARN_OBJC_LITERAL_CONVERSION = YES;
				CLANG_WARN_OBJC_ROOT_CLASS = YES_ERROR;
				CLANG_WARN_RANGE_LOOP_ANALYSIS = YES;
				CLANG_WARN_STRICT_PROTOTYPES = YES;
				CLANG_WARN_SUSPICIOUS_MOVE = YES;
				CLANG_WARN_UNGUARDED_AVAILABILITY = YES_AGGRESSIVE;
				CLANG_WARN_UNREACHABLE_CODE = YES;
				CLANG_WARN__DUPLICATE_METHOD_MATCH = YES;
				COPY_PHASE_STRIP = NO;
				DEBUG_INFORMATION_FORMAT = "dwarf-with-dsym";
				ENABLE_NS_ASSERTIONS = NO;
				ENABLE_STRICT_OBJC_MSGSEND = YES;
				GCC_C_LANGUAGE_STANDARD = gnu11;
				GCC_NO_COMMON_BLOCKS = YES;
				GCC_WARN_64_TO_32_BIT_CONVERSION = YES;
				GCC_WARN_ABOUT_RETURN_TYPE = YES_ERROR;
				GCC_WARN_UNDECLARED_SELECTOR = YES;
				GCC_WARN_UNINITIALIZED_AUTOS = YES_AGGRESSIVE;
				GCC_WARN_UNUSED_FUNCTION = YES;
				GCC_WARN_UNUSED_VARIABLE = YES;
				IPHONEOS_DEPLOYMENT_TARGET = 13.7;
				MTL_ENABLE_DEBUG_INFO = NO;
				MTL_FAST_MATH = YES;
				SDKROOT = iphoneos;
				SWIFT_COMPILATION_MODE = wholemodule;
				SWIFT_OPTIMIZATION_LEVEL = "-O";
				VALIDATE_PRODUCT = YES;
			};
			name = Release;
		};
		759ACC18250A205C0071EF7B /* Debug */ = {
			isa = XCBuildConfiguration;
			buildSettings = {
				ASSETCATALOG_COMPILER_APPICON_NAME = AppIcon;
				CODE_SIGN_STYLE = Automatic;
				INFOPLIST_FILE = iBench/Info.plist;
				IPHONEOS_DEPLOYMENT_TARGET = 13.0;
				LD_RUNPATH_SEARCH_PATHS = (
					"$(inherited)",
					"@executable_path/Frameworks",
				);
				PRODUCT_BUNDLE_IDENTIFIER = SE2.iBench;
				PRODUCT_NAME = "$(TARGET_NAME)";
				SWIFT_VERSION = 5.0;
				TARGETED_DEVICE_FAMILY = 1;
			};
			name = Debug;
		};
		759ACC19250A205C0071EF7B /* Release */ = {
			isa = XCBuildConfiguration;
			buildSettings = {
				ASSETCATALOG_COMPILER_APPICON_NAME = AppIcon;
				CODE_SIGN_STYLE = Automatic;
				INFOPLIST_FILE = iBench/Info.plist;
				IPHONEOS_DEPLOYMENT_TARGET = 13.0;
				LD_RUNPATH_SEARCH_PATHS = (
					"$(inherited)",
					"@executable_path/Frameworks",
				);
				PRODUCT_BUNDLE_IDENTIFIER = SE2.iBench;
				PRODUCT_NAME = "$(TARGET_NAME)";
				SWIFT_VERSION = 5.0;
				TARGETED_DEVICE_FAMILY = 1;
			};
			name = Release;
		};
/* End XCBuildConfiguration section */

/* Begin XCConfigurationList section */
		759ACBFE250A20560071EF7B /* Build configuration list for PBXProject "iBench" */ = {
			isa = XCConfigurationList;
			buildConfigurations = (
				759ACC15250A205C0071EF7B /* Debug */,
				759ACC16250A205C0071EF7B /* Release */,
			);
			defaultConfigurationIsVisible = 0;
			defaultConfigurationName = Release;
		};
		759ACC17250A205C0071EF7B /* Build configuration list for PBXNativeTarget "iBench" */ = {
			isa = XCConfigurationList;
			buildConfigurations = (
				759ACC18250A205C0071EF7B /* Debug */,
				759ACC19250A205C0071EF7B /* Release */,
			);
			defaultConfigurationIsVisible = 0;
			defaultConfigurationName = Release;
		};
/* End XCConfigurationList section */
	};
	rootObject = 759ACBFB250A20560071EF7B /* Project object */;
}
